{
  "requires": true,
  "lockfileVersion": 1,
  "dependencies": {
    "lodash-node": {
      "version": "2.4.1",
      "resolved": "https://registry.npmjs.org/lodash-node/-/lodash-node-2.4.1.tgz",
      "integrity": "sha1-6oL3sQDHM9GkKvdoAeUGEF4qgOw=",
      "dev": true
    },
    "rouge": {
      "version": "1.0.3",
      "resolved": "https://registry.npmjs.org/rouge/-/rouge-1.0.3.tgz",
      "integrity": "sha1-JyJbV/YNH3EnLZywoVAXnQgGuqM=",
      "dev": true,
      "requires": {
        "lodash-node": "2.4.1"
      }
    }
  }
}
